
Microsoft Visual Studio Solution File, Format Version 12.00
# Visual Studio Version 17
VisualStudioVersion = 17.12.35707.178 d17.12
MinimumVisualStudioVersion = 10.0.40219.1
Project("{FAE04EC0-301F-11D3-BF4B-00C04F79EFBC}") = "BowlingAPI", "BowlingAPI\BowlingAPI.csproj", "{38F3C0EE-E6B3-4291-9E39-ADA64B0E8ADD}"
EndProject
Global
	GlobalSection(SolutionConfigurationPlatforms) = preSolution
		Debug|Any CPU = Debug|Any CPU
		Release|Any CPU = Release|Any CPU
	EndGlobalSection
	GlobalSection(ProjectConfigurationPlatforms) = postSolution
		{38F3C0EE-E6B3-4291-9E39-ADA64B0E8ADD}.Debug|Any CPU.ActiveCfg = Debug|Any CPU
		{38F3C0EE-E6B3-4291-9E39-ADA64B0E8ADD}.Debug|Any CPU.Build.0 = Debug|Any CPU
		{38F3C0EE-E6B3-4291-9E39-ADA64B0E8ADD}.Release|Any CPU.ActiveCfg = Release|Any CPU
		{38F3C0EE-E6B3-4291-9E39-ADA64B0E8ADD}.Release|Any CPU.Build.0 = Release|Any CPU
	EndGlobalSection
	GlobalSection(SolutionProperties) = preSolution
		HideSolutionNode = FALSE
	EndGlobalSection
EndGlobal
